
Microsoft Visual Studio Solution File, Format Version 12.00
# Visual Studio Version 16
VisualStudioVersion = 16.0.29020.237
MinimumVisualStudioVersion = 10.0.40219.1
Project("{9A19103F-16F7-4668-BE54-9A1E7A4F7556}") = "NetBlog.DAL.Entities", "NetBlog.DAL.Entities\NetBlog.DAL.Entities.csproj", "{D7808642-C19B-40FE-B72E-E4220819EE89}"
EndProject
Project("{9A19103F-16F7-4668-BE54-9A1E7A4F7556}") = "NetBlog.BLL.Models", "NetBlog.BLL.Models\NetBlog.BLL.Models.csproj", "{325E2C13-FF62-47BA-B50F-261370FDB5CE}"
EndProject
Project("{2150E333-8FDC-42A3-9474-1A3956D46DE8}") = "DAL", "DAL", "{A35F808A-DC46-4539-ACFF-B921B66985CC}"
EndProject
Project("{2150E333-8FDC-42A3-9474-1A3956D46DE8}") = "BLL", "BLL", "{73A45EAB-ACDF-4A1C-B7E0-9C5EE9A64DBE}"
EndProject
Project("{2150E333-8FDC-42A3-9474-1A3956D46DE8}") = "PL", "PL", "{66BAAEBB-CCD5-44E2-A1FD-BB3EF183073B}"
EndProject
Project("{2150E333-8FDC-42A3-9474-1A3956D46DE8}") = "Framework", "Framework", "{01C265C1-1192-48BB-B60E-A73AE7410494}"
EndProject
Project("{9A19103F-16F7-4668-BE54-9A1E7A4F7556}") = "NetBlog.BLL.Interfaces", "NetBlog.BLL.Interfaces\NetBlog.BLL.Interfaces.csproj", "{BBB6903D-08F5-444F-B3D3-111AB813337E}"
EndProject
Project("{9A19103F-16F7-4668-BE54-9A1E7A4F7556}") = "NetBlog.BLL.Blog", "NetBlog.BLL.Blog\NetBlog.BLL.Blog.csproj", "{356ED22A-25F7-45D3-9F6D-D5E2330FD7D8}"
EndProject
Project("{9A19103F-16F7-4668-BE54-9A1E7A4F7556}") = "NetBlog.BLL.Account", "NetBlog.BLL.Account\NetBlog.BLL.Account.csproj", "{710C9968-0D4C-41B0-B917-91E8BA91E2A4}"
EndProject
Project("{2150E333-8FDC-42A3-9474-1A3956D46DE8}") = "Utils", "Utils", "{D7EA545C-C175-4FD3-A839-D505F7B23F11}"
EndProject
Project("{FAE04EC0-301F-11D3-BF4B-00C04F79EFBC}") = "NetBlog.PL.Framework.Web", "NetBlog.PL.Framework.Web\NetBlog.PL.Framework.Web.csproj", "{46C30EAA-F4B0-40A8-B762-C13033DAF135}"
EndProject
Project("{9A19103F-16F7-4668-BE54-9A1E7A4F7556}") = "NetBlog.PL.ViewModels", "NetBlog.PL.ViewModels\NetBlog.PL.ViewModels.csproj", "{33E763F6-4E65-4DDE-BC36-19B0702AD64F}"
EndProject
Project("{2150E333-8FDC-42A3-9474-1A3956D46DE8}") = "ORM", "ORM", "{D0FAD71C-200F-47A9-BE5B-B6588E3E0781}"
EndProject
Project("{2150E333-8FDC-42A3-9474-1A3956D46DE8}") = "DI", "DI", "{59F16562-7E03-496B-BD9B-57A812337AC7}"
EndProject
Project("{9A19103F-16F7-4668-BE54-9A1E7A4F7556}") = "NetBlog.Utils.DI", "NetBlog.Utils.DI\NetBlog.Utils.DI.csproj", "{EBCBE8D4-E183-4118-8108-07CA42910ED3}"
EndProject
Project("{9A19103F-16F7-4668-BE54-9A1E7A4F7556}") = "NetBlog.Utils.Enums", "NetBlog.Utils.Enums\NetBlog.Utils.Enums.csproj", "{4856EF42-92E6-491A-807F-722E4AF007BA}"
EndProject
Project("{FAE04EC0-301F-11D3-BF4B-00C04F79EFBC}") = "NetBlog.ORM.NHibernate", "NetBlog.ORM.NHibernate\NetBlog.ORM.NHibernate.csproj", "{01CBDB02-2FEB-4E29-A519-93AEF8028C08}"
EndProject
Global
	GlobalSection(SolutionConfigurationPlatforms) = preSolution
		Debug|Any CPU = Debug|Any CPU
		Release|Any CPU = Release|Any CPU
	EndGlobalSection
	GlobalSection(ProjectConfigurationPlatforms) = postSolution
		{D7808642-C19B-40FE-B72E-E4220819EE89}.Debug|Any CPU.ActiveCfg = Debug|Any CPU
		{D7808642-C19B-40FE-B72E-E4220819EE89}.Debug|Any CPU.Build.0 = Debug|Any CPU
		{D7808642-C19B-40FE-B72E-E4220819EE89}.Release|Any CPU.ActiveCfg = Release|Any CPU
		{D7808642-C19B-40FE-B72E-E4220819EE89}.Release|Any CPU.Build.0 = Release|Any CPU
		{325E2C13-FF62-47BA-B50F-261370FDB5CE}.Debug|Any CPU.ActiveCfg = Debug|Any CPU
		{325E2C13-FF62-47BA-B50F-261370FDB5CE}.Debug|Any CPU.Build.0 = Debug|Any CPU
		{325E2C13-FF62-47BA-B50F-261370FDB5CE}.Release|Any CPU.ActiveCfg = Release|Any CPU
		{325E2C13-FF62-47BA-B50F-261370FDB5CE}.Release|Any CPU.Build.0 = Release|Any CPU
		{BBB6903D-08F5-444F-B3D3-111AB813337E}.Debug|Any CPU.ActiveCfg = Debug|Any CPU
		{BBB6903D-08F5-444F-B3D3-111AB813337E}.Debug|Any CPU.Build.0 = Debug|Any CPU
		{BBB6903D-08F5-444F-B3D3-111AB813337E}.Release|Any CPU.ActiveCfg = Release|Any CPU
		{BBB6903D-08F5-444F-B3D3-111AB813337E}.Release|Any CPU.Build.0 = Release|Any CPU
		{356ED22A-25F7-45D3-9F6D-D5E2330FD7D8}.Debug|Any CPU.ActiveCfg = Debug|Any CPU
		{356ED22A-25F7-45D3-9F6D-D5E2330FD7D8}.Debug|Any CPU.Build.0 = Debug|Any CPU
		{356ED22A-25F7-45D3-9F6D-D5E2330FD7D8}.Release|Any CPU.ActiveCfg = Release|Any CPU
		{356ED22A-25F7-45D3-9F6D-D5E2330FD7D8}.Release|Any CPU.Build.0 = Release|Any CPU
		{710C9968-0D4C-41B0-B917-91E8BA91E2A4}.Debug|Any CPU.ActiveCfg = Debug|Any CPU
		{710C9968-0D4C-41B0-B917-91E8BA91E2A4}.Debug|Any CPU.Build.0 = Debug|Any CPU
		{710C9968-0D4C-41B0-B917-91E8BA91E2A4}.Release|Any CPU.ActiveCfg = Release|Any CPU
		{710C9968-0D4C-41B0-B917-91E8BA91E2A4}.Release|Any CPU.Build.0 = Release|Any CPU
		{46C30EAA-F4B0-40A8-B762-C13033DAF135}.Debug|Any CPU.ActiveCfg = Debug|Any CPU
		{46C30EAA-F4B0-40A8-B762-C13033DAF135}.Debug|Any CPU.Build.0 = Debug|Any CPU
		{46C30EAA-F4B0-40A8-B762-C13033DAF135}.Release|Any CPU.ActiveCfg = Release|Any CPU
		{46C30EAA-F4B0-40A8-B762-C13033DAF135}.Release|Any CPU.Build.0 = Release|Any CPU
		{33E763F6-4E65-4DDE-BC36-19B0702AD64F}.Debug|Any CPU.ActiveCfg = Debug|Any CPU
		{33E763F6-4E65-4DDE-BC36-19B0702AD64F}.Debug|Any CPU.Build.0 = Debug|Any CPU
		{33E763F6-4E65-4DDE-BC36-19B0702AD64F}.Release|Any CPU.ActiveCfg = Release|Any CPU
		{33E763F6-4E65-4DDE-BC36-19B0702AD64F}.Release|Any CPU.Build.0 = Release|Any CPU
		{EBCBE8D4-E183-4118-8108-07CA42910ED3}.Debug|Any CPU.ActiveCfg = Debug|Any CPU
		{EBCBE8D4-E183-4118-8108-07CA42910ED3}.Debug|Any CPU.Build.0 = Debug|Any CPU
		{EBCBE8D4-E183-4118-8108-07CA42910ED3}.Release|Any CPU.ActiveCfg = Release|Any CPU
		{EBCBE8D4-E183-4118-8108-07CA42910ED3}.Release|Any CPU.Build.0 = Release|Any CPU
		{4856EF42-92E6-491A-807F-722E4AF007BA}.Debug|Any CPU.ActiveCfg = Debug|Any CPU
		{4856EF42-92E6-491A-807F-722E4AF007BA}.Debug|Any CPU.Build.0 = Debug|Any CPU
		{4856EF42-92E6-491A-807F-722E4AF007BA}.Release|Any CPU.ActiveCfg = Release|Any CPU
		{4856EF42-92E6-491A-807F-722E4AF007BA}.Release|Any CPU.Build.0 = Release|Any CPU
		{01CBDB02-2FEB-4E29-A519-93AEF8028C08}.Debug|Any CPU.ActiveCfg = Debug|Any CPU
		{01CBDB02-2FEB-4E29-A519-93AEF8028C08}.Debug|Any CPU.Build.0 = Debug|Any CPU
		{01CBDB02-2FEB-4E29-A519-93AEF8028C08}.Release|Any CPU.ActiveCfg = Release|Any CPU
		{01CBDB02-2FEB-4E29-A519-93AEF8028C08}.Release|Any CPU.Build.0 = Release|Any CPU
	EndGlobalSection
	GlobalSection(SolutionProperties) = preSolution
		HideSolutionNode = FALSE
	EndGlobalSection
	GlobalSection(NestedProjects) = preSolution
		{D7808642-C19B-40FE-B72E-E4220819EE89} = {A35F808A-DC46-4539-ACFF-B921B66985CC}
		{325E2C13-FF62-47BA-B50F-261370FDB5CE} = {73A45EAB-ACDF-4A1C-B7E0-9C5EE9A64DBE}
		{01C265C1-1192-48BB-B60E-A73AE7410494} = {66BAAEBB-CCD5-44E2-A1FD-BB3EF183073B}
		{BBB6903D-08F5-444F-B3D3-111AB813337E} = {73A45EAB-ACDF-4A1C-B7E0-9C5EE9A64DBE}
		{356ED22A-25F7-45D3-9F6D-D5E2330FD7D8} = {73A45EAB-ACDF-4A1C-B7E0-9C5EE9A64DBE}
		{710C9968-0D4C-41B0-B917-91E8BA91E2A4} = {73A45EAB-ACDF-4A1C-B7E0-9C5EE9A64DBE}
		{46C30EAA-F4B0-40A8-B762-C13033DAF135} = {01C265C1-1192-48BB-B60E-A73AE7410494}
		{33E763F6-4E65-4DDE-BC36-19B0702AD64F} = {66BAAEBB-CCD5-44E2-A1FD-BB3EF183073B}
		{D0FAD71C-200F-47A9-BE5B-B6588E3E0781} = {A35F808A-DC46-4539-ACFF-B921B66985CC}
		{59F16562-7E03-496B-BD9B-57A812337AC7} = {D7EA545C-C175-4FD3-A839-D505F7B23F11}
		{EBCBE8D4-E183-4118-8108-07CA42910ED3} = {59F16562-7E03-496B-BD9B-57A812337AC7}
		{4856EF42-92E6-491A-807F-722E4AF007BA} = {D7EA545C-C175-4FD3-A839-D505F7B23F11}
		{01CBDB02-2FEB-4E29-A519-93AEF8028C08} = {D0FAD71C-200F-47A9-BE5B-B6588E3E0781}
	EndGlobalSection
	GlobalSection(ExtensibilityGlobals) = postSolution
		SolutionGuid = {FC020945-0DBA-4B0C-8BFB-D3627DB916B3}
	EndGlobalSection
EndGlobal
